// !$*UTF8*$!
{
	archiveVersion = 1;
	classes = {
	};
	objectVersion = 50;
	objects = {

/* Begin PBXBuildFile section */
		60D947FA27938A6900086C51 /* LetterGuessTests.swift in Sources */ = {isa = PBXBuildFile; fileRef = 60D947F927938A6900086C51 /* LetterGuessTests.swift */; };
		60D947FC27938AD200086C51 /* GameGuessesModelTests.swift in Sources */ = {isa = PBXBuildFile; fileRef = 60D947FB27938AD200086C51 /* GameGuessesModelTests.swift */; };
		60D947FF2793A23700086C51 /* GameMessagingViewController.swift in Sources */ = {isa = PBXBuildFile; fileRef = 60D947FE2793A23700086C51 /* GameMessagingViewController.swift */; };
		60D948012793A46700086C51 /* GameEndDelegate.swift in Sources */ = {isa = PBXBuildFile; fileRef = 60D948002793A46700086C51 /* GameEndDelegate.swift */; };
		60D948042793A72800086C51 /* LayoutUtility.swift in Sources */ = {isa = PBXBuildFile; fileRef = 60D948032793A72800086C51 /* LayoutUtility.swift */; };
		60D948062793AE1400086C51 /* GameSettingsViewController.swift in Sources */ = {isa = PBXBuildFile; fileRef = 60D948052793AE1400086C51 /* GameSettingsViewController.swift */; };
		60D948092793BD0300086C51 /* GameSettings.swift in Sources */ = {isa = PBXBuildFile; fileRef = 60D948082793BD0300086C51 /* GameSettings.swift */; };
		60D9480B2793C14C00086C51 /* GameSettingsDefaults.plist in Resources */ = {isa = PBXBuildFile; fileRef = 60D9480A2793C14C00086C51 /* GameSettingsDefaults.plist */; };
		60D9480E2793C5E100086C51 /* NumberRangePickerView.swift in Sources */ = {isa = PBXBuildFile; fileRef = 60D9480D2793C5E100086C51 /* NumberRangePickerView.swift */; };
		60D948102793E2BC00086C51 /* GameSettingTableViewCell.swift in Sources */ = {isa = PBXBuildFile; fileRef = 60D9480F2793E2BC00086C51 /* GameSettingTableViewCell.swift */; };
		60D948142793E50100086C51 /* GameSettingProtocol.swift in Sources */ = {isa = PBXBuildFile; fileRef = 60D948132793E50100086C51 /* GameSettingProtocol.swift */; };
		60D948162793F90600086C51 /* Int+Extension.swift in Sources */ = {isa = PBXBuildFile; fileRef = 60D948152793F90600086C51 /* Int+Extension.swift */; };
		60D948192794BF9A00086C51 /* words_3letters.txt in Resources */ = {isa = PBXBuildFile; fileRef = 60D948182794BF9A00086C51 /* words_3letters.txt */; };
		60D9481D2794C69D00086C51 /* words_4letters.txt in Resources */ = {isa = PBXBuildFile; fileRef = 60D9481C2794C69D00086C51 /* words_4letters.txt */; };
		60D9481F2794DB2C00086C51 /* words_5letters.txt in Resources */ = {isa = PBXBuildFile; fileRef = 60D9481E2794DB2C00086C51 /* words_5letters.txt */; };
		60D948232794DBFE00086C51 /* words_6letters.txt in Resources */ = {isa = PBXBuildFile; fileRef = 60D948222794DBFE00086C51 /* words_6letters.txt */; };
		60D948252794DC1800086C51 /* words_7letters.txt in Resources */ = {isa = PBXBuildFile; fileRef = 60D948242794DC1800086C51 /* words_7letters.txt */; };
		60D948272794DC4F00086C51 /* words_8letters.txt in Resources */ = {isa = PBXBuildFile; fileRef = 60D948262794DC4F00086C51 /* words_8letters.txt */; };
		60D948292794DC6800086C51 /* words_9letters.txt in Resources */ = {isa = PBXBuildFile; fileRef = 60D948282794DC6800086C51 /* words_9letters.txt */; };
		60D9482B2794DCB100086C51 /* words_10letters.txt in Resources */ = {isa = PBXBuildFile; fileRef = 60D9482A2794DCB100086C51 /* words_10letters.txt */; };
		60D9482D2794DCD600086C51 /* words_11letters.txt in Resources */ = {isa = PBXBuildFile; fileRef = 60D9482C2794DCD600086C51 /* words_11letters.txt */; };
		60D9482F2794DCEF00086C51 /* words_12letters.txt in Resources */ = {isa = PBXBuildFile; fileRef = 60D9482E2794DCEF00086C51 /* words_12letters.txt */; };
		60D948312794DD0900086C51 /* words_13letters.txt in Resources */ = {isa = PBXBuildFile; fileRef = 60D948302794DD0900086C51 /* words_13letters.txt */; };
		60D948332794DD2500086C51 /* words_14letters.txt in Resources */ = {isa = PBXBuildFile; fileRef = 60D948322794DD2500086C51 /* words_14letters.txt */; };
		60D948352794DD4000086C51 /* words_15Plusletters.txt in Resources */ = {isa = PBXBuildFile; fileRef = 60D948342794DD4000086C51 /* words_15Plusletters.txt */; };
		6C0009E02792AD8F00BCC9B6 /* Character+Extension.swift in Sources */ = {isa = PBXBuildFile; fileRef = 6C0009DF2792AD8F00BCC9B6 /* Character+Extension.swift */; };
		6C0009E22792AE8200BCC9B6 /* WordInputTextField.swift in Sources */ = {isa = PBXBuildFile; fileRef = 6C0009E12792AE8200BCC9B6 /* WordInputTextField.swift */; };
		6C19F59D27921EFA00062083 /* AppDelegate.swift in Sources */ = {isa = PBXBuildFile; fileRef = 6C19F59C27921EFA00062083 /* AppDelegate.swift */; };
		6C19F59F27921EFA00062083 /* SceneDelegate.swift in Sources */ = {isa = PBXBuildFile; fileRef = 6C19F59E27921EFA00062083 /* SceneDelegate.swift */; };
		6C19F5A127921EFA00062083 /* GameSetupViewController.swift in Sources */ = {isa = PBXBuildFile; fileRef = 6C19F5A027921EFA00062083 /* GameSetupViewController.swift */; };
		6C19F5A627921EFB00062083 /* Assets.xcassets in Resources */ = {isa = PBXBuildFile; fileRef = 6C19F5A527921EFB00062083 /* Assets.xcassets */; };
		6C19F5A927921EFB00062083 /* LaunchScreen.storyboard in Resources */ = {isa = PBXBuildFile; fileRef = 6C19F5A727921EFB00062083 /* LaunchScreen.storyboard */; };
		6C19F5BF27921EFC00062083 /* WordleWithFriendsUITests.swift in Sources */ = {isa = PBXBuildFile; fileRef = 6C19F5BE27921EFC00062083 /* WordleWithFriendsUITests.swift */; };
		6C19F5D127922D6700062083 /* String+Extension.swift in Sources */ = {isa = PBXBuildFile; fileRef = 6C19F5D027922D6700062083 /* String+Extension.swift */; };
		6C19F5D62792356500062083 /* ClueGuessViewController.swift in Sources */ = {isa = PBXBuildFile; fileRef = 6C19F5D52792356500062083 /* ClueGuessViewController.swift */; };
		6C19F5E527923B1400062083 /* WordGuessRow.swift in Sources */ = {isa = PBXBuildFile; fileRef = 6C19F5E427923B1400062083 /* WordGuessRow.swift */; };
		6C19F5F027923C5900062083 /* NSLayoutConstraint+Extension.swift in Sources */ = {isa = PBXBuildFile; fileRef = 6C19F5EF27923C5900062083 /* NSLayoutConstraint+Extension.swift */; };
		6C19F5FD27923CBB00062083 /* UIView+Extension.swift in Sources */ = {isa = PBXBuildFile; fileRef = 6C19F5FC27923CBB00062083 /* UIView+Extension.swift */; };
		6C19F60227923F8400062083 /* LetterTileView.swift in Sources */ = {isa = PBXBuildFile; fileRef = 6C19F60127923F8400062083 /* LetterTileView.swift */; };
		6C19F60B2792439600062083 /* GameGuessesModel.swift in Sources */ = {isa = PBXBuildFile; fileRef = 6C19F60A2792439600062083 /* GameGuessesModel.swift */; };
		6C19F6162792491900062083 /* UIStackView+Extension.swift in Sources */ = {isa = PBXBuildFile; fileRef = 6C19F6152792491900062083 /* UIStackView+Extension.swift */; };
		6C39559F279288D100B0EF29 /* WordGuess.swift in Sources */ = {isa = PBXBuildFile; fileRef = 6C39559E279288D100B0EF29 /* WordGuess.swift */; };
		6C3955A1279288E800B0EF29 /* LetterGuess.swift in Sources */ = {isa = PBXBuildFile; fileRef = 6C3955A0279288E800B0EF29 /* LetterGuess.swift */; };
		6C3955A32792890F00B0EF29 /* WordGuessTests.swift in Sources */ = {isa = PBXBuildFile; fileRef = 6C3955A22792890F00B0EF29 /* WordGuessTests.swift */; };
		6C78656127D204AC001C9F58 /* Float+Extension.swift in Sources */ = {isa = PBXBuildFile; fileRef = 6C78656027D204AC001C9F58 /* Float+Extension.swift */; };
		6C78656327D2069C001C9F58 /* CGFloat+Extension.swift in Sources */ = {isa = PBXBuildFile; fileRef = 6C78656227D2069C001C9F58 /* CGFloat+Extension.swift */; };
		6C78E0C12797902700C501CD /* XCUIElement+Extension.swift in Sources */ = {isa = PBXBuildFile; fileRef = 6C78E0C02797902700C501CD /* XCUIElement+Extension.swift */; };
		6C834C8E279C87160024CB13 /* GameUtility.swift in Sources */ = {isa = PBXBuildFile; fileRef = 6C834C8D279C87160024CB13 /* GameUtility.swift */; };
		6C834C90279C897F0024CB13 /* IndexPath+Extension.swift in Sources */ = {isa = PBXBuildFile; fileRef = 6C834C8F279C897F0024CB13 /* IndexPath+Extension.swift */; };
		6C889A1227D33CA2001AC677 /* UIViewController+Extension.swift in Sources */ = {isa = PBXBuildFile; fileRef = 6C889A1127D33CA2001AC677 /* UIViewController+Extension.swift */; };
		6C889A1427D33CEB001AC677 /* ToastView.swift in Sources */ = {isa = PBXBuildFile; fileRef = 6C889A1327D33CEB001AC677 /* ToastView.swift */; };
		6C94887127D07FD4005252F1 /* WordleKeyboardInputView.swift in Sources */ = {isa = PBXBuildFile; fileRef = 6C94887027D07FD4005252F1 /* WordleKeyboardInputView.swift */; };
		6C94887327D08598005252F1 /* WordleKeyboardKey.swift in Sources */ = {isa = PBXBuildFile; fileRef = 6C94887227D08598005252F1 /* WordleKeyboardKey.swift */; };
		6C94887627D098C7005252F1 /* WeakRef.swift in Sources */ = {isa = PBXBuildFile; fileRef = 6C94887527D098C7005252F1 /* WeakRef.swift */; };
		6C94887827D0AAD9005252F1 /* LetterState.swift in Sources */ = {isa = PBXBuildFile; fileRef = 6C94887727D0AAD9005252F1 /* LetterState.swift */; };
		6C94887C27D0AB15005252F1 /* LetterStateTests.swift in Sources */ = {isa = PBXBuildFile; fileRef = 6C94887B27D0AB15005252F1 /* LetterStateTests.swift */; };
		6C94887E27D0B4E4005252F1 /* KeyboardRow.swift in Sources */ = {isa = PBXBuildFile; fileRef = 6C94887D27D0B4E4005252F1 /* KeyboardRow.swift */; };
		6C94F50227D5C23D00C19D43 /* Array+Extension.swift in Sources */ = {isa = PBXBuildFile; fileRef = 6C94F50127D5C23D00C19D43 /* Array+Extension.swift */; };
		6C94F4F727D4494C00C19D43 /* GameInstructionsViewController.swift in Sources */ = {isa = PBXBuildFile; fileRef = 6C94F4F627D4494C00C19D43 /* GameInstructionsViewController.swift */; };
		6C94F4FA27D44A8100C19D43 /* HorizontalSeparatorView.swift in Sources */ = {isa = PBXBuildFile; fileRef = 6C94F4F927D44A8100C19D43 /* HorizontalSeparatorView.swift */; };
		6C94F4FE27D4524B00C19D43 /* NSAttributedString+Extension.swift in Sources */ = {isa = PBXBuildFile; fileRef = 6C94F4FD27D4524B00C19D43 /* NSAttributedString+Extension.swift */; };
		6CBBCECF279BDC7D00875C30 /* Double+Extension.swift in Sources */ = {isa = PBXBuildFile; fileRef = 6CBBCECE279BDC7D00875C30 /* Double+Extension.swift */; };
		6CBCC3CD2797565D005EB254 /* DismissableAlertController.swift in Sources */ = {isa = PBXBuildFile; fileRef = 6CBCC3CC2797565D005EB254 /* DismissableAlertController.swift */; };
		6CBCC3D1279764FF005EB254 /* CGPoint+Extension.swift in Sources */ = {isa = PBXBuildFile; fileRef = 6CBCC3D0279764FF005EB254 /* CGPoint+Extension.swift */; };
		6CBCC3D32797657B005EB254 /* CGSize+Extension.swift in Sources */ = {isa = PBXBuildFile; fileRef = 6CBCC3D22797657B005EB254 /* CGSize+Extension.swift */; };
/* End PBXBuildFile section */

/* Begin PBXContainerItemProxy section */
		6C19F5B027921EFC00062083 /* PBXContainerItemProxy */ = {
			isa = PBXContainerItemProxy;
			containerPortal = 6C19F59127921EFA00062083 /* Project object */;
			proxyType = 1;
			remoteGlobalIDString = 6C19F59827921EFA00062083;
			remoteInfo = WordleWithFriends;
		};
		6C19F5BB27921EFC00062083 /* PBXContainerItemProxy */ = {
			isa = PBXContainerItemProxy;
			containerPortal = 6C19F59127921EFA00062083 /* Project object */;
			proxyType = 1;
			remoteGlobalIDString = 6C19F59827921EFA00062083;
			remoteInfo = WordleWithFriends;
		};
/* End PBXContainerItemProxy section */

/* Begin PBXFileReference section */
		60D947F927938A6900086C51 /* LetterGuessTests.swift */ = {isa = PBXFileReference; lastKnownFileType = sourcecode.swift; path = LetterGuessTests.swift; sourceTree = "<group>"; };
		60D947FB27938AD200086C51 /* GameGuessesModelTests.swift */ = {isa = PBXFileReference; lastKnownFileType = sourcecode.swift; path = GameGuessesModelTests.swift; sourceTree = "<group>"; };
		60D947FE2793A23700086C51 /* GameMessagingViewController.swift */ = {isa = PBXFileReference; lastKnownFileType = sourcecode.swift; path = GameMessagingViewController.swift; sourceTree = "<group>"; };
		60D948002793A46700086C51 /* GameEndDelegate.swift */ = {isa = PBXFileReference; lastKnownFileType = sourcecode.swift; path = GameEndDelegate.swift; sourceTree = "<group>"; };
		60D948032793A72800086C51 /* LayoutUtility.swift */ = {isa = PBXFileReference; lastKnownFileType = sourcecode.swift; path = LayoutUtility.swift; sourceTree = "<group>"; };
		60D948052793AE1400086C51 /* GameSettingsViewController.swift */ = {isa = PBXFileReference; lastKnownFileType = sourcecode.swift; path = GameSettingsViewController.swift; sourceTree = "<group>"; };
		60D948082793BD0300086C51 /* GameSettings.swift */ = {isa = PBXFileReference; lastKnownFileType = sourcecode.swift; path = GameSettings.swift; sourceTree = "<group>"; };
		60D9480A2793C14C00086C51 /* GameSettingsDefaults.plist */ = {isa = PBXFileReference; lastKnownFileType = text.plist.xml; path = GameSettingsDefaults.plist; sourceTree = "<group>"; };
		60D9480D2793C5E100086C51 /* NumberRangePickerView.swift */ = {isa = PBXFileReference; lastKnownFileType = sourcecode.swift; path = NumberRangePickerView.swift; sourceTree = "<group>"; };
		60D9480F2793E2BC00086C51 /* GameSettingTableViewCell.swift */ = {isa = PBXFileReference; lastKnownFileType = sourcecode.swift; path = GameSettingTableViewCell.swift; sourceTree = "<group>"; };
		60D948132793E50100086C51 /* GameSettingProtocol.swift */ = {isa = PBXFileReference; lastKnownFileType = sourcecode.swift; path = GameSettingProtocol.swift; sourceTree = "<group>"; };
		60D948152793F90600086C51 /* Int+Extension.swift */ = {isa = PBXFileReference; lastKnownFileType = sourcecode.swift; path = "Int+Extension.swift"; sourceTree = "<group>"; };
		60D948182794BF9A00086C51 /* words_3letters.txt */ = {isa = PBXFileReference; lastKnownFileType = text; path = words_3letters.txt; sourceTree = "<group>"; };
		60D9481B2794C30100086C51 /* Comments.md */ = {isa = PBXFileReference; lastKnownFileType = net.daringfireball.markdown; path = Comments.md; sourceTree = "<group>"; };
		60D9481C2794C69D00086C51 /* words_4letters.txt */ = {isa = PBXFileReference; lastKnownFileType = text; path = words_4letters.txt; sourceTree = "<group>"; };
		60D9481E2794DB2C00086C51 /* words_5letters.txt */ = {isa = PBXFileReference; lastKnownFileType = text; path = words_5letters.txt; sourceTree = "<group>"; };
		60D948222794DBFE00086C51 /* words_6letters.txt */ = {isa = PBXFileReference; fileEncoding = 4; lastKnownFileType = text; path = words_6letters.txt; sourceTree = "<group>"; };
		60D948242794DC1800086C51 /* words_7letters.txt */ = {isa = PBXFileReference; lastKnownFileType = text; path = words_7letters.txt; sourceTree = "<group>"; };
		60D948262794DC4F00086C51 /* words_8letters.txt */ = {isa = PBXFileReference; lastKnownFileType = text; path = words_8letters.txt; sourceTree = "<group>"; };
		60D948282794DC6800086C51 /* words_9letters.txt */ = {isa = PBXFileReference; lastKnownFileType = text; path = words_9letters.txt; sourceTree = "<group>"; };
		60D9482A2794DCB100086C51 /* words_10letters.txt */ = {isa = PBXFileReference; lastKnownFileType = text; path = words_10letters.txt; sourceTree = "<group>"; };
		60D9482C2794DCD600086C51 /* words_11letters.txt */ = {isa = PBXFileReference; lastKnownFileType = text; path = words_11letters.txt; sourceTree = "<group>"; };
		60D9482E2794DCEF00086C51 /* words_12letters.txt */ = {isa = PBXFileReference; lastKnownFileType = text; path = words_12letters.txt; sourceTree = "<group>"; };
		60D948302794DD0900086C51 /* words_13letters.txt */ = {isa = PBXFileReference; lastKnownFileType = text; path = words_13letters.txt; sourceTree = "<group>"; };
		60D948322794DD2500086C51 /* words_14letters.txt */ = {isa = PBXFileReference; lastKnownFileType = text; path = words_14letters.txt; sourceTree = "<group>"; };
		60D948342794DD4000086C51 /* words_15Plusletters.txt */ = {isa = PBXFileReference; lastKnownFileType = text; path = words_15Plusletters.txt; sourceTree = "<group>"; };
		6C0009DF2792AD8F00BCC9B6 /* Character+Extension.swift */ = {isa = PBXFileReference; lastKnownFileType = sourcecode.swift; path = "Character+Extension.swift"; sourceTree = "<group>"; };
		6C0009E12792AE8200BCC9B6 /* WordInputTextField.swift */ = {isa = PBXFileReference; lastKnownFileType = sourcecode.swift; path = WordInputTextField.swift; sourceTree = "<group>"; };
		6C19F59927921EFA00062083 /* WordleWithFriends.app */ = {isa = PBXFileReference; explicitFileType = wrapper.application; includeInIndex = 0; path = WordleWithFriends.app; sourceTree = BUILT_PRODUCTS_DIR; };
		6C19F59C27921EFA00062083 /* AppDelegate.swift */ = {isa = PBXFileReference; lastKnownFileType = sourcecode.swift; path = AppDelegate.swift; sourceTree = "<group>"; };
		6C19F59E27921EFA00062083 /* SceneDelegate.swift */ = {isa = PBXFileReference; lastKnownFileType = sourcecode.swift; path = SceneDelegate.swift; sourceTree = "<group>"; };
		6C19F5A027921EFA00062083 /* GameSetupViewController.swift */ = {isa = PBXFileReference; lastKnownFileType = sourcecode.swift; path = GameSetupViewController.swift; sourceTree = "<group>"; };
		6C19F5A527921EFB00062083 /* Assets.xcassets */ = {isa = PBXFileReference; lastKnownFileType = folder.assetcatalog; path = Assets.xcassets; sourceTree = "<group>"; };
		6C19F5A827921EFB00062083 /* Base */ = {isa = PBXFileReference; lastKnownFileType = file.storyboard; name = Base; path = Base.lproj/LaunchScreen.storyboard; sourceTree = "<group>"; };
		6C19F5AA27921EFC00062083 /* Info.plist */ = {isa = PBXFileReference; lastKnownFileType = text.plist.xml; path = Info.plist; sourceTree = "<group>"; };
		6C19F5AF27921EFC00062083 /* WordleWithFriendsTests.xctest */ = {isa = PBXFileReference; explicitFileType = wrapper.cfbundle; includeInIndex = 0; path = WordleWithFriendsTests.xctest; sourceTree = BUILT_PRODUCTS_DIR; };
		6C19F5B527921EFC00062083 /* Info.plist */ = {isa = PBXFileReference; lastKnownFileType = text.plist.xml; path = Info.plist; sourceTree = "<group>"; };
		6C19F5BA27921EFC00062083 /* WordleWithFriendsUITests.xctest */ = {isa = PBXFileReference; explicitFileType = wrapper.cfbundle; includeInIndex = 0; path = WordleWithFriendsUITests.xctest; sourceTree = BUILT_PRODUCTS_DIR; };
		6C19F5BE27921EFC00062083 /* WordleWithFriendsUITests.swift */ = {isa = PBXFileReference; lastKnownFileType = sourcecode.swift; path = WordleWithFriendsUITests.swift; sourceTree = "<group>"; };
		6C19F5C027921EFC00062083 /* Info.plist */ = {isa = PBXFileReference; lastKnownFileType = text.plist.xml; path = Info.plist; sourceTree = "<group>"; };
		6C19F5D027922D6700062083 /* String+Extension.swift */ = {isa = PBXFileReference; lastKnownFileType = sourcecode.swift; path = "String+Extension.swift"; sourceTree = "<group>"; };
		6C19F5D52792356500062083 /* ClueGuessViewController.swift */ = {isa = PBXFileReference; lastKnownFileType = sourcecode.swift; path = ClueGuessViewController.swift; sourceTree = "<group>"; };
		6C19F5E427923B1400062083 /* WordGuessRow.swift */ = {isa = PBXFileReference; lastKnownFileType = sourcecode.swift; path = WordGuessRow.swift; sourceTree = "<group>"; };
		6C19F5EF27923C5900062083 /* NSLayoutConstraint+Extension.swift */ = {isa = PBXFileReference; lastKnownFileType = sourcecode.swift; path = "NSLayoutConstraint+Extension.swift"; sourceTree = "<group>"; };
		6C19F5FC27923CBB00062083 /* UIView+Extension.swift */ = {isa = PBXFileReference; lastKnownFileType = sourcecode.swift; path = "UIView+Extension.swift"; sourceTree = "<group>"; };
		6C19F60127923F8400062083 /* LetterTileView.swift */ = {isa = PBXFileReference; lastKnownFileType = sourcecode.swift; path = LetterTileView.swift; sourceTree = "<group>"; };
		6C19F60A2792439600062083 /* GameGuessesModel.swift */ = {isa = PBXFileReference; lastKnownFileType = sourcecode.swift; path = GameGuessesModel.swift; sourceTree = "<group>"; };
		6C19F6152792491900062083 /* UIStackView+Extension.swift */ = {isa = PBXFileReference; lastKnownFileType = sourcecode.swift; path = "UIStackView+Extension.swift"; sourceTree = "<group>"; };
		6C39559E279288D100B0EF29 /* WordGuess.swift */ = {isa = PBXFileReference; lastKnownFileType = sourcecode.swift; path = WordGuess.swift; sourceTree = "<group>"; };
		6C3955A0279288E800B0EF29 /* LetterGuess.swift */ = {isa = PBXFileReference; lastKnownFileType = sourcecode.swift; path = LetterGuess.swift; sourceTree = "<group>"; };
		6C3955A22792890F00B0EF29 /* WordGuessTests.swift */ = {isa = PBXFileReference; lastKnownFileType = sourcecode.swift; path = WordGuessTests.swift; sourceTree = "<group>"; };
		6C78656027D204AC001C9F58 /* Float+Extension.swift */ = {isa = PBXFileReference; lastKnownFileType = sourcecode.swift; path = "Float+Extension.swift"; sourceTree = "<group>"; };
		6C78656227D2069C001C9F58 /* CGFloat+Extension.swift */ = {isa = PBXFileReference; lastKnownFileType = sourcecode.swift; path = "CGFloat+Extension.swift"; sourceTree = "<group>"; };
		6C78E0C02797902700C501CD /* XCUIElement+Extension.swift */ = {isa = PBXFileReference; lastKnownFileType = sourcecode.swift; path = "XCUIElement+Extension.swift"; sourceTree = "<group>"; };
		6C834C8D279C87160024CB13 /* GameUtility.swift */ = {isa = PBXFileReference; lastKnownFileType = sourcecode.swift; path = GameUtility.swift; sourceTree = "<group>"; };
		6C834C8F279C897F0024CB13 /* IndexPath+Extension.swift */ = {isa = PBXFileReference; lastKnownFileType = sourcecode.swift; path = "IndexPath+Extension.swift"; sourceTree = "<group>"; };
		6C889A1127D33CA2001AC677 /* UIViewController+Extension.swift */ = {isa = PBXFileReference; lastKnownFileType = sourcecode.swift; path = "UIViewController+Extension.swift"; sourceTree = "<group>"; };
		6C889A1327D33CEB001AC677 /* ToastView.swift */ = {isa = PBXFileReference; lastKnownFileType = sourcecode.swift; path = ToastView.swift; sourceTree = "<group>"; };
		6C94887027D07FD4005252F1 /* WordleKeyboardInputView.swift */ = {isa = PBXFileReference; lastKnownFileType = sourcecode.swift; path = WordleKeyboardInputView.swift; sourceTree = "<group>"; };
		6C94887227D08598005252F1 /* WordleKeyboardKey.swift */ = {isa = PBXFileReference; lastKnownFileType = sourcecode.swift; path = WordleKeyboardKey.swift; sourceTree = "<group>"; };
		6C94887527D098C7005252F1 /* WeakRef.swift */ = {isa = PBXFileReference; lastKnownFileType = sourcecode.swift; path = WeakRef.swift; sourceTree = "<group>"; };
		6C94887727D0AAD9005252F1 /* LetterState.swift */ = {isa = PBXFileReference; lastKnownFileType = sourcecode.swift; path = LetterState.swift; sourceTree = "<group>"; };
		6C94887B27D0AB15005252F1 /* LetterStateTests.swift */ = {isa = PBXFileReference; lastKnownFileType = sourcecode.swift; path = LetterStateTests.swift; sourceTree = "<group>"; };
		6C94887D27D0B4E4005252F1 /* KeyboardRow.swift */ = {isa = PBXFileReference; lastKnownFileType = sourcecode.swift; path = KeyboardRow.swift; sourceTree = "<group>"; };
		6C94F50127D5C23D00C19D43 /* Array+Extension.swift */ = {isa = PBXFileReference; lastKnownFileType = sourcecode.swift; path = "Array+Extension.swift"; sourceTree = "<group>"; };
		6C94F4F627D4494C00C19D43 /* GameInstructionsViewController.swift */ = {isa = PBXFileReference; lastKnownFileType = sourcecode.swift; path = GameInstructionsViewController.swift; sourceTree = "<group>"; };
		6C94F4F927D44A8100C19D43 /* HorizontalSeparatorView.swift */ = {isa = PBXFileReference; lastKnownFileType = sourcecode.swift; path = HorizontalSeparatorView.swift; sourceTree = "<group>"; };
		6C94F4FD27D4524B00C19D43 /* NSAttributedString+Extension.swift */ = {isa = PBXFileReference; lastKnownFileType = sourcecode.swift; path = "NSAttributedString+Extension.swift"; sourceTree = "<group>"; };
		6CBBCECE279BDC7D00875C30 /* Double+Extension.swift */ = {isa = PBXFileReference; lastKnownFileType = sourcecode.swift; path = "Double+Extension.swift"; sourceTree = "<group>"; };
		6CBCC3CC2797565D005EB254 /* DismissableAlertController.swift */ = {isa = PBXFileReference; lastKnownFileType = sourcecode.swift; path = DismissableAlertController.swift; sourceTree = "<group>"; };
		6CBCC3D0279764FF005EB254 /* CGPoint+Extension.swift */ = {isa = PBXFileReference; lastKnownFileType = sourcecode.swift; path = "CGPoint+Extension.swift"; sourceTree = "<group>"; };
		6CBCC3D22797657B005EB254 /* CGSize+Extension.swift */ = {isa = PBXFileReference; lastKnownFileType = sourcecode.swift; path = "CGSize+Extension.swift"; sourceTree = "<group>"; };
/* End PBXFileReference section */

/* Begin PBXFrameworksBuildPhase section */
		6C19F59627921EFA00062083 /* Frameworks */ = {
			isa = PBXFrameworksBuildPhase;
			buildActionMask = 2147483647;
			files = (
			);
			runOnlyForDeploymentPostprocessing = 0;
		};
		6C19F5AC27921EFC00062083 /* Frameworks */ = {
			isa = PBXFrameworksBuildPhase;
			buildActionMask = 2147483647;
			files = (
			);
			runOnlyForDeploymentPostprocessing = 0;
		};
		6C19F5B727921EFC00062083 /* Frameworks */ = {
			isa = PBXFrameworksBuildPhase;
			buildActionMask = 2147483647;
			files = (
			);
			runOnlyForDeploymentPostprocessing = 0;
		};
/* End PBXFrameworksBuildPhase section */

/* Begin PBXGroup section */
		60D947FD2793A21D00086C51 /* Child ViewControllers */ = {
			isa = PBXGroup;
			children = (
				60D947FE2793A23700086C51 /* GameMessagingViewController.swift */,
				6CBCC3CC2797565D005EB254 /* DismissableAlertController.swift */,
			);
			path = "Child ViewControllers";
			sourceTree = "<group>";
		};
		60D948022793A71F00086C51 /* Utils */ = {
			isa = PBXGroup;
			children = (
				60D948032793A72800086C51 /* LayoutUtility.swift */,
				6C834C8D279C87160024CB13 /* GameUtility.swift */,
				6C94887527D098C7005252F1 /* WeakRef.swift */,
			);
			path = Utils;
			sourceTree = "<group>";
		};
		60D948072793BB0D00086C51 /* Settings */ = {
			isa = PBXGroup;
			children = (
				60D948122793E4F400086C51 /* Protocols */,
				60D948112793E4DC00086C51 /* Models */,
				60D9480C2793C5D400086C51 /* Views */,
				60D948052793AE1400086C51 /* GameSettingsViewController.swift */,
				60D9480A2793C14C00086C51 /* GameSettingsDefaults.plist */,
			);
			path = Settings;
			sourceTree = "<group>";
		};
		60D9480C2793C5D400086C51 /* Views */ = {
			isa = PBXGroup;
			children = (
				60D9480D2793C5E100086C51 /* NumberRangePickerView.swift */,
				60D9480F2793E2BC00086C51 /* GameSettingTableViewCell.swift */,
			);
			path = Views;
			sourceTree = "<group>";
		};
		60D948112793E4DC00086C51 /* Models */ = {
			isa = PBXGroup;
			children = (
				60D948082793BD0300086C51 /* GameSettings.swift */,
			);
			path = Models;
			sourceTree = "<group>";
		};
		60D948122793E4F400086C51 /* Protocols */ = {
			isa = PBXGroup;
			children = (
				60D948132793E50100086C51 /* GameSettingProtocol.swift */,
			);
			path = Protocols;
			sourceTree = "<group>";
		};
		60D948172794BF7300086C51 /* Resources */ = {
			isa = PBXGroup;
			children = (
				60D948182794BF9A00086C51 /* words_3letters.txt */,
				60D9481C2794C69D00086C51 /* words_4letters.txt */,
				60D9481E2794DB2C00086C51 /* words_5letters.txt */,
				60D948222794DBFE00086C51 /* words_6letters.txt */,
				60D948242794DC1800086C51 /* words_7letters.txt */,
				60D948262794DC4F00086C51 /* words_8letters.txt */,
				60D948282794DC6800086C51 /* words_9letters.txt */,
				60D9482A2794DCB100086C51 /* words_10letters.txt */,
				60D9482C2794DCD600086C51 /* words_11letters.txt */,
				60D9482E2794DCEF00086C51 /* words_12letters.txt */,
				60D948302794DD0900086C51 /* words_13letters.txt */,
				60D948322794DD2500086C51 /* words_14letters.txt */,
				60D948342794DD4000086C51 /* words_15Plusletters.txt */,
				60D9481B2794C30100086C51 /* Comments.md */,
			);
			path = Resources;
			sourceTree = "<group>";
		};
		6C19F59027921EFA00062083 = {
			isa = PBXGroup;
			children = (
				6C19F59B27921EFA00062083 /* WordleWithFriends */,
				6C19F5B227921EFC00062083 /* WordleWithFriendsTests */,
				6C19F5BD27921EFC00062083 /* WordleWithFriendsUITests */,
				6C19F59A27921EFA00062083 /* Products */,
			);
			sourceTree = "<group>";
		};
		6C19F59A27921EFA00062083 /* Products */ = {
			isa = PBXGroup;
			children = (
				6C19F59927921EFA00062083 /* WordleWithFriends.app */,
				6C19F5AF27921EFC00062083 /* WordleWithFriendsTests.xctest */,
				6C19F5BA27921EFC00062083 /* WordleWithFriendsUITests.xctest */,
			);
			name = Products;
			sourceTree = "<group>";
		};
		6C19F59B27921EFA00062083 /* WordleWithFriends */ = {
			isa = PBXGroup;
			children = (
				60D948172794BF7300086C51 /* Resources */,
				60D948022793A71F00086C51 /* Utils */,
				6C19F6092792438C00062083 /* Models */,
				6C19F5E327923B0B00062083 /* Views */,
				60D947FD2793A21D00086C51 /* Child ViewControllers */,
				6C19F5CF27922D5900062083 /* Extensions */,
				6C19F59C27921EFA00062083 /* AppDelegate.swift */,
				6C19F59E27921EFA00062083 /* SceneDelegate.swift */,
				6C19F5A027921EFA00062083 /* GameSetupViewController.swift */,
				6C94F4F527D4493A00C19D43 /* How To Play */,
				60D948072793BB0D00086C51 /* Settings */,
				6C19F5D52792356500062083 /* ClueGuessViewController.swift */,
				6C19F5A527921EFB00062083 /* Assets.xcassets */,
				6C19F5A727921EFB00062083 /* LaunchScreen.storyboard */,
				6C19F5AA27921EFC00062083 /* Info.plist */,
			);
			path = WordleWithFriends;
			sourceTree = "<group>";
		};
		6C19F5B227921EFC00062083 /* WordleWithFriendsTests */ = {
			isa = PBXGroup;
			children = (
				6C39559D2792885200B0EF29 /* Models */,
				6C19F5B527921EFC00062083 /* Info.plist */,
			);
			path = WordleWithFriendsTests;
			sourceTree = "<group>";
		};
		6C19F5BD27921EFC00062083 /* WordleWithFriendsUITests */ = {
			isa = PBXGroup;
			children = (
				6C78E0BF2797901C00C501CD /* Extensions */,
				6C19F5BE27921EFC00062083 /* WordleWithFriendsUITests.swift */,
				6C19F5C027921EFC00062083 /* Info.plist */,
			);
			path = WordleWithFriendsUITests;
			sourceTree = "<group>";
		};
		6C19F5CF27922D5900062083 /* Extensions */ = {
			isa = PBXGroup;
			children = (
				6C19F5D027922D6700062083 /* String+Extension.swift */,
				6C94F4FD27D4524B00C19D43 /* NSAttributedString+Extension.swift */,
				6C19F5FC27923CBB00062083 /* UIView+Extension.swift */,
				6C19F5EF27923C5900062083 /* NSLayoutConstraint+Extension.swift */,
				6C19F6152792491900062083 /* UIStackView+Extension.swift */,
				6C0009DF2792AD8F00BCC9B6 /* Character+Extension.swift */,
				60D948152793F90600086C51 /* Int+Extension.swift */,
				6CBBCECE279BDC7D00875C30 /* Double+Extension.swift */,
				6C78656027D204AC001C9F58 /* Float+Extension.swift */,
				6C78656227D2069C001C9F58 /* CGFloat+Extension.swift */,
				6CBCC3D0279764FF005EB254 /* CGPoint+Extension.swift */,
				6CBCC3D22797657B005EB254 /* CGSize+Extension.swift */,
				6C834C8F279C897F0024CB13 /* IndexPath+Extension.swift */,
				6C889A1127D33CA2001AC677 /* UIViewController+Extension.swift */,
				6C94F50127D5C23D00C19D43 /* Array+Extension.swift */,
			);
			path = Extensions;
			sourceTree = "<group>";
		};
		6C19F5E327923B0B00062083 /* Views */ = {
			isa = PBXGroup;
			children = (
				6C94887427D08C64005252F1 /* CustomKeyboard */,
				6C19F5E427923B1400062083 /* WordGuessRow.swift */,
				6C19F60127923F8400062083 /* LetterTileView.swift */,
				6C0009E12792AE8200BCC9B6 /* WordInputTextField.swift */,
				6C889A1327D33CEB001AC677 /* ToastView.swift */,
			);
			path = Views;
			sourceTree = "<group>";
		};
		6C19F6092792438C00062083 /* Models */ = {
			isa = PBXGroup;
			children = (
				6C19F60A2792439600062083 /* GameGuessesModel.swift */,
				6C39559E279288D100B0EF29 /* WordGuess.swift */,
				6C3955A0279288E800B0EF29 /* LetterGuess.swift */,
				60D948002793A46700086C51 /* GameEndDelegate.swift */,
				6C94887727D0AAD9005252F1 /* LetterState.swift */,
			);
			path = Models;
			sourceTree = "<group>";
		};
		6C39559D2792885200B0EF29 /* Models */ = {
			isa = PBXGroup;
			children = (
				6C3955A22792890F00B0EF29 /* WordGuessTests.swift */,
				60D947F927938A6900086C51 /* LetterGuessTests.swift */,
				60D947FB27938AD200086C51 /* GameGuessesModelTests.swift */,
				6C94887B27D0AB15005252F1 /* LetterStateTests.swift */,
			);
			path = Models;
			sourceTree = "<group>";
		};
		6C78E0BF2797901C00C501CD /* Extensions */ = {
			isa = PBXGroup;
			children = (
				6C78E0C02797902700C501CD /* XCUIElement+Extension.swift */,
			);
			path = Extensions;
			sourceTree = "<group>";
		};
		6C94887427D08C64005252F1 /* CustomKeyboard */ = {
			isa = PBXGroup;
			children = (
				6C94887027D07FD4005252F1 /* WordleKeyboardInputView.swift */,
				6C94887227D08598005252F1 /* WordleKeyboardKey.swift */,
				6C94887D27D0B4E4005252F1 /* KeyboardRow.swift */,
			);
			path = CustomKeyboard;
			sourceTree = "<group>";
		};
		6C94F4F527D4493A00C19D43 /* How To Play */ = {
			isa = PBXGroup;
			children = (
				6C94F4F827D44A7200C19D43 /* Views */,
				6C94F4F627D4494C00C19D43 /* GameInstructionsViewController.swift */,
			);
			path = "How To Play";
			sourceTree = "<group>";
		};
		6C94F4F827D44A7200C19D43 /* Views */ = {
			isa = PBXGroup;
			children = (
				6C94F4F927D44A8100C19D43 /* HorizontalSeparatorView.swift */,
			);
			path = Views;
			sourceTree = "<group>";
		};
/* End PBXGroup section */

/* Begin PBXNativeTarget section */
		6C19F59827921EFA00062083 /* WordleWithFriends */ = {
			isa = PBXNativeTarget;
			buildConfigurationList = 6C19F5C327921EFC00062083 /* Build configuration list for PBXNativeTarget "WordleWithFriends" */;
			buildPhases = (
				6C19F59527921EFA00062083 /* Sources */,
				6C19F59627921EFA00062083 /* Frameworks */,
				6C19F59727921EFA00062083 /* Resources */,
			);
			buildRules = (
			);
			dependencies = (
			);
			name = WordleWithFriends;
			productName = WordleWithFriends;
			productReference = 6C19F59927921EFA00062083 /* WordleWithFriends.app */;
			productType = "com.apple.product-type.application";
		};
		6C19F5AE27921EFC00062083 /* WordleWithFriendsTests */ = {
			isa = PBXNativeTarget;
			buildConfigurationList = 6C19F5C627921EFC00062083 /* Build configuration list for PBXNativeTarget "WordleWithFriendsTests" */;
			buildPhases = (
				6C19F5AB27921EFC00062083 /* Sources */,
				6C19F5AC27921EFC00062083 /* Frameworks */,
				6C19F5AD27921EFC00062083 /* Resources */,
			);
			buildRules = (
			);
			dependencies = (
				6C19F5B127921EFC00062083 /* PBXTargetDependency */,
			);
			name = WordleWithFriendsTests;
			productName = WordleWithFriendsTests;
			productReference = 6C19F5AF27921EFC00062083 /* WordleWithFriendsTests.xctest */;
			productType = "com.apple.product-type.bundle.unit-test";
		};
		6C19F5B927921EFC00062083 /* WordleWithFriendsUITests */ = {
			isa = PBXNativeTarget;
			buildConfigurationList = 6C19F5C927921EFC00062083 /* Build configuration list for PBXNativeTarget "WordleWithFriendsUITests" */;
			buildPhases = (
				6C19F5B627921EFC00062083 /* Sources */,
				6C19F5B727921EFC00062083 /* Frameworks */,
				6C19F5B827921EFC00062083 /* Resources */,
			);
			buildRules = (
			);
			dependencies = (
				6C19F5BC27921EFC00062083 /* PBXTargetDependency */,
			);
			name = WordleWithFriendsUITests;
			productName = WordleWithFriendsUITests;
			productReference = 6C19F5BA27921EFC00062083 /* WordleWithFriendsUITests.xctest */;
			productType = "com.apple.product-type.bundle.ui-testing";
		};
/* End PBXNativeTarget section */

/* Begin PBXProject section */
		6C19F59127921EFA00062083 /* Project object */ = {
			isa = PBXProject;
			attributes = {
				LastSwiftUpdateCheck = 1220;
				LastUpgradeCheck = 1220;
				TargetAttributes = {
					6C19F59827921EFA00062083 = {
						CreatedOnToolsVersion = 12.2;
					};
					6C19F5AE27921EFC00062083 = {
						CreatedOnToolsVersion = 12.2;
						LastSwiftMigration = 1320;
						TestTargetID = 6C19F59827921EFA00062083;
					};
					6C19F5B927921EFC00062083 = {
						CreatedOnToolsVersion = 12.2;
						TestTargetID = 6C19F59827921EFA00062083;
					};
				};
			};
			buildConfigurationList = 6C19F59427921EFA00062083 /* Build configuration list for PBXProject "WordleWithFriends" */;
			compatibilityVersion = "Xcode 9.3";
			developmentRegion = en;
			hasScannedForEncodings = 0;
			knownRegions = (
				en,
				Base,
			);
			mainGroup = 6C19F59027921EFA00062083;
			productRefGroup = 6C19F59A27921EFA00062083 /* Products */;
			projectDirPath = "";
			projectRoot = "";
			targets = (
				6C19F59827921EFA00062083 /* WordleWithFriends */,
				6C19F5AE27921EFC00062083 /* WordleWithFriendsTests */,
				6C19F5B927921EFC00062083 /* WordleWithFriendsUITests */,
			);
		};
/* End PBXProject section */

/* Begin PBXResourcesBuildPhase section */
		6C19F59727921EFA00062083 /* Resources */ = {
			isa = PBXResourcesBuildPhase;
			buildActionMask = 2147483647;
			files = (
				60D948352794DD4000086C51 /* words_15Plusletters.txt in Resources */,
				60D9482F2794DCEF00086C51 /* words_12letters.txt in Resources */,
				60D948332794DD2500086C51 /* words_14letters.txt in Resources */,
				60D948252794DC1800086C51 /* words_7letters.txt in Resources */,
				6C19F5A927921EFB00062083 /* LaunchScreen.storyboard in Resources */,
				60D9482B2794DCB100086C51 /* words_10letters.txt in Resources */,
				60D948272794DC4F00086C51 /* words_8letters.txt in Resources */,
				60D9482D2794DCD600086C51 /* words_11letters.txt in Resources */,
				60D9480B2793C14C00086C51 /* GameSettingsDefaults.plist in Resources */,
				60D9481D2794C69D00086C51 /* words_4letters.txt in Resources */,
				60D948312794DD0900086C51 /* words_13letters.txt in Resources */,
				6C19F5A627921EFB00062083 /* Assets.xcassets in Resources */,
				60D9481F2794DB2C00086C51 /* words_5letters.txt in Resources */,
				60D948192794BF9A00086C51 /* words_3letters.txt in Resources */,
				60D948292794DC6800086C51 /* words_9letters.txt in Resources */,
				60D948232794DBFE00086C51 /* words_6letters.txt in Resources */,
			);
			runOnlyForDeploymentPostprocessing = 0;
		};
		6C19F5AD27921EFC00062083 /* Resources */ = {
			isa = PBXResourcesBuildPhase;
			buildActionMask = 2147483647;
			files = (
			);
			runOnlyForDeploymentPostprocessing = 0;
		};
		6C19F5B827921EFC00062083 /* Resources */ = {
			isa = PBXResourcesBuildPhase;
			buildActionMask = 2147483647;
			files = (
			);
			runOnlyForDeploymentPostprocessing = 0;
		};
/* End PBXResourcesBuildPhase section */

/* Begin PBXSourcesBuildPhase section */
		6C19F59527921EFA00062083 /* Sources */ = {
			isa = PBXSourcesBuildPhase;
			buildActionMask = 2147483647;
			files = (
				6C19F5D62792356500062083 /* ClueGuessViewController.swift in Sources */,
				6C19F60B2792439600062083 /* GameGuessesModel.swift in Sources */,
				60D948102793E2BC00086C51 /* GameSettingTableViewCell.swift in Sources */,
				6C3955A1279288E800B0EF29 /* LetterGuess.swift in Sources */,
				6C19F5F027923C5900062083 /* NSLayoutConstraint+Extension.swift in Sources */,
				6C19F5FD27923CBB00062083 /* UIView+Extension.swift in Sources */,
				6C0009E02792AD8F00BCC9B6 /* Character+Extension.swift in Sources */,
				6C889A1427D33CEB001AC677 /* ToastView.swift in Sources */,
				6C19F5D127922D6700062083 /* String+Extension.swift in Sources */,
				6C889A1227D33CA2001AC677 /* UIViewController+Extension.swift in Sources */,
				60D9480E2793C5E100086C51 /* NumberRangePickerView.swift in Sources */,
				60D948162793F90600086C51 /* Int+Extension.swift in Sources */,
				6C19F5A127921EFA00062083 /* GameSetupViewController.swift in Sources */,
				60D948042793A72800086C51 /* LayoutUtility.swift in Sources */,
				6C19F59D27921EFA00062083 /* AppDelegate.swift in Sources */,
				60D948092793BD0300086C51 /* GameSettings.swift in Sources */,
				6CBCC3D32797657B005EB254 /* CGSize+Extension.swift in Sources */,
				6C19F5E527923B1400062083 /* WordGuessRow.swift in Sources */,
				6C94887127D07FD4005252F1 /* WordleKeyboardInputView.swift in Sources */,
				6CBBCECF279BDC7D00875C30 /* Double+Extension.swift in Sources */,
				6C94F4FA27D44A8100C19D43 /* HorizontalSeparatorView.swift in Sources */,
				6C19F60227923F8400062083 /* LetterTileView.swift in Sources */,
				6C94F4F727D4494C00C19D43 /* GameInstructionsViewController.swift in Sources */,
				6CBCC3CD2797565D005EB254 /* DismissableAlertController.swift in Sources */,
				60D948062793AE1400086C51 /* GameSettingsViewController.swift in Sources */,
				6C94887827D0AAD9005252F1 /* LetterState.swift in Sources */,
				6C834C8E279C87160024CB13 /* GameUtility.swift in Sources */,
				60D948142793E50100086C51 /* GameSettingProtocol.swift in Sources */,
				6C0009E22792AE8200BCC9B6 /* WordInputTextField.swift in Sources */,
				6C19F59F27921EFA00062083 /* SceneDelegate.swift in Sources */,
				6C78656327D2069C001C9F58 /* CGFloat+Extension.swift in Sources */,
				6C94887327D08598005252F1 /* WordleKeyboardKey.swift in Sources */,
				6C94887627D098C7005252F1 /* WeakRef.swift in Sources */,
				6C94F50227D5C23D00C19D43 /* Array+Extension.swift in Sources */,
				60D948012793A46700086C51 /* GameEndDelegate.swift in Sources */,
				6C94887E27D0B4E4005252F1 /* KeyboardRow.swift in Sources */,
				6CBCC3D1279764FF005EB254 /* CGPoint+Extension.swift in Sources */,
				6C19F6162792491900062083 /* UIStackView+Extension.swift in Sources */,
				60D947FF2793A23700086C51 /* GameMessagingViewController.swift in Sources */,
				6C39559F279288D100B0EF29 /* WordGuess.swift in Sources */,
				6C78656127D204AC001C9F58 /* Float+Extension.swift in Sources */,
				6C94F4FE27D4524B00C19D43 /* NSAttributedString+Extension.swift in Sources */,
				6C834C90279C897F0024CB13 /* IndexPath+Extension.swift in Sources */,
			);
			runOnlyForDeploymentPostprocessing = 0;
		};
		6C19F5AB27921EFC00062083 /* Sources */ = {
			isa = PBXSourcesBuildPhase;
			buildActionMask = 2147483647;
			files = (
				6C3955A32792890F00B0EF29 /* WordGuessTests.swift in Sources */,
				6C94887C27D0AB15005252F1 /* LetterStateTests.swift in Sources */,
				60D947FA27938A6900086C51 /* LetterGuessTests.swift in Sources */,
				60D947FC27938AD200086C51 /* GameGuessesModelTests.swift in Sources */,
			);
			runOnlyForDeploymentPostprocessing = 0;
		};
		6C19F5B627921EFC00062083 /* Sources */ = {
			isa = PBXSourcesBuildPhase;
			buildActionMask = 2147483647;
			files = (
				6C19F5BF27921EFC00062083 /* WordleWithFriendsUITests.swift in Sources */,
				6C78E0C12797902700C501CD /* XCUIElement+Extension.swift in Sources */,
			);
			runOnlyForDeploymentPostprocessing = 0;
		};
/* End PBXSourcesBuildPhase section */

/* Begin PBXTargetDependency section */
		6C19F5B127921EFC00062083 /* PBXTargetDependency */ = {
			isa = PBXTargetDependency;
			target = 6C19F59827921EFA00062083 /* WordleWithFriends */;
			targetProxy = 6C19F5B027921EFC00062083 /* PBXContainerItemProxy */;
		};
		6C19F5BC27921EFC00062083 /* PBXTargetDependency */ = {
			isa = PBXTargetDependency;
			target = 6C19F59827921EFA00062083 /* WordleWithFriends */;
			targetProxy = 6C19F5BB27921EFC00062083 /* PBXContainerItemProxy */;
		};
/* End PBXTargetDependency section */

/* Begin PBXVariantGroup section */
		6C19F5A727921EFB00062083 /* LaunchScreen.storyboard */ = {
			isa = PBXVariantGroup;
			children = (
				6C19F5A827921EFB00062083 /* Base */,
			);
			name = LaunchScreen.storyboard;
			sourceTree = "<group>";
		};
/* End PBXVariantGroup section */

/* Begin XCBuildConfiguration section */
		6C19F5C127921EFC00062083 /* Debug */ = {
			isa = XCBuildConfiguration;
			buildSettings = {
				ALWAYS_SEARCH_USER_PATHS = NO;
				CLANG_ANALYZER_NONNULL = YES;
				CLANG_ANALYZER_NUMBER_OBJECT_CONVERSION = YES_AGGRESSIVE;
				CLANG_CXX_LANGUAGE_STANDARD = "gnu++14";
				CLANG_CXX_LIBRARY = "libc++";
				CLANG_ENABLE_MODULES = YES;
				CLANG_ENABLE_OBJC_ARC = YES;
				CLANG_ENABLE_OBJC_WEAK = YES;
				CLANG_WARN_BLOCK_CAPTURE_AUTORELEASING = YES;
				CLANG_WARN_BOOL_CONVERSION = YES;
				CLANG_WARN_COMMA = YES;
				CLANG_WARN_CONSTANT_CONVERSION = YES;
				CLANG_WARN_DEPRECATED_OBJC_IMPLEMENTATIONS = YES;
				CLANG_WARN_DIRECT_OBJC_ISA_USAGE = YES_ERROR;
				CLANG_WARN_DOCUMENTATION_COMMENTS = YES;
				CLANG_WARN_EMPTY_BODY = YES;
				CLANG_WARN_ENUM_CONVERSION = YES;
				CLANG_WARN_INFINITE_RECURSION = YES;
				CLANG_WARN_INT_CONVERSION = YES;
				CLANG_WARN_NON_LITERAL_NULL_CONVERSION = YES;
				CLANG_WARN_OBJC_IMPLICIT_RETAIN_SELF = YES;
				CLANG_WARN_OBJC_LITERAL_CONVERSION = YES;
				CLANG_WARN_OBJC_ROOT_CLASS = YES_ERROR;
				CLANG_WARN_QUOTED_INCLUDE_IN_FRAMEWORK_HEADER = YES;
				CLANG_WARN_RANGE_LOOP_ANALYSIS = YES;
				CLANG_WARN_STRICT_PROTOTYPES = YES;
				CLANG_WARN_SUSPICIOUS_MOVE = YES;
				CLANG_WARN_UNGUARDED_AVAILABILITY = YES_AGGRESSIVE;
				CLANG_WARN_UNREACHABLE_CODE = YES;
				CLANG_WARN__DUPLICATE_METHOD_MATCH = YES;
				COPY_PHASE_STRIP = NO;
				DEBUG_INFORMATION_FORMAT = dwarf;
				ENABLE_STRICT_OBJC_MSGSEND = YES;
				ENABLE_TESTABILITY = YES;
				GCC_C_LANGUAGE_STANDARD = gnu11;
				GCC_DYNAMIC_NO_PIC = NO;
				GCC_NO_COMMON_BLOCKS = YES;
				GCC_OPTIMIZATION_LEVEL = 0;
				GCC_PREPROCESSOR_DEFINITIONS = (
					"DEBUG=1",
					"$(inherited)",
				);
				GCC_WARN_64_TO_32_BIT_CONVERSION = YES;
				GCC_WARN_ABOUT_RETURN_TYPE = YES_ERROR;
				GCC_WARN_UNDECLARED_SELECTOR = YES;
				GCC_WARN_UNINITIALIZED_AUTOS = YES_AGGRESSIVE;
				GCC_WARN_UNUSED_FUNCTION = YES;
				GCC_WARN_UNUSED_VARIABLE = YES;
				IPHONEOS_DEPLOYMENT_TARGET = 14.2;
				MTL_ENABLE_DEBUG_INFO = INCLUDE_SOURCE;
				MTL_FAST_MATH = YES;
				ONLY_ACTIVE_ARCH = YES;
				SDKROOT = iphoneos;
				SWIFT_ACTIVE_COMPILATION_CONDITIONS = DEBUG;
				SWIFT_OPTIMIZATION_LEVEL = "-Onone";
			};
			name = Debug;
		};
		6C19F5C227921EFC00062083 /* Release */ = {
			isa = XCBuildConfiguration;
			buildSettings = {
				ALWAYS_SEARCH_USER_PATHS = NO;
				CLANG_ANALYZER_NONNULL = YES;
				CLANG_ANALYZER_NUMBER_OBJECT_CONVERSION = YES_AGGRESSIVE;
				CLANG_CXX_LANGUAGE_STANDARD = "gnu++14";
				CLANG_CXX_LIBRARY = "libc++";
				CLANG_ENABLE_MODULES = YES;
				CLANG_ENABLE_OBJC_ARC = YES;
				CLANG_ENABLE_OBJC_WEAK = YES;
				CLANG_WARN_BLOCK_CAPTURE_AUTORELEASING = YES;
				CLANG_WARN_BOOL_CONVERSION = YES;
				CLANG_WARN_COMMA = YES;
				CLANG_WARN_CONSTANT_CONVERSION = YES;
				CLANG_WARN_DEPRECATED_OBJC_IMPLEMENTATIONS = YES;
				CLANG_WARN_DIRECT_OBJC_ISA_USAGE = YES_ERROR;
				CLANG_WARN_DOCUMENTATION_COMMENTS = YES;
				CLANG_WARN_EMPTY_BODY = YES;
				CLANG_WARN_ENUM_CONVERSION = YES;
				CLANG_WARN_INFINITE_RECURSION = YES;
				CLANG_WARN_INT_CONVERSION = YES;
				CLANG_WARN_NON_LITERAL_NULL_CONVERSION = YES;
				CLANG_WARN_OBJC_IMPLICIT_RETAIN_SELF = YES;
				CLANG_WARN_OBJC_LITERAL_CONVERSION = YES;
				CLANG_WARN_OBJC_ROOT_CLASS = YES_ERROR;
				CLANG_WARN_QUOTED_INCLUDE_IN_FRAMEWORK_HEADER = YES;
				CLANG_WARN_RANGE_LOOP_ANALYSIS = YES;
				CLANG_WARN_STRICT_PROTOTYPES = YES;
				CLANG_WARN_SUSPICIOUS_MOVE = YES;
				CLANG_WARN_UNGUARDED_AVAILABILITY = YES_AGGRESSIVE;
				CLANG_WARN_UNREACHABLE_CODE = YES;
				CLANG_WARN__DUPLICATE_METHOD_MATCH = YES;
				COPY_PHASE_STRIP = NO;
				DEBUG_INFORMATION_FORMAT = "dwarf-with-dsym";
				ENABLE_NS_ASSERTIONS = NO;
				ENABLE_STRICT_OBJC_MSGSEND = YES;
				GCC_C_LANGUAGE_STANDARD = gnu11;
				GCC_NO_COMMON_BLOCKS = YES;
				GCC_WARN_64_TO_32_BIT_CONVERSION = YES;
				GCC_WARN_ABOUT_RETURN_TYPE = YES_ERROR;
				GCC_WARN_UNDECLARED_SELECTOR = YES;
				GCC_WARN_UNINITIALIZED_AUTOS = YES_AGGRESSIVE;
				GCC_WARN_UNUSED_FUNCTION = YES;
				GCC_WARN_UNUSED_VARIABLE = YES;
				IPHONEOS_DEPLOYMENT_TARGET = 14.2;
				MTL_ENABLE_DEBUG_INFO = NO;
				MTL_FAST_MATH = YES;
				SDKROOT = iphoneos;
				SWIFT_COMPILATION_MODE = wholemodule;
				SWIFT_OPTIMIZATION_LEVEL = "-O";
				VALIDATE_PRODUCT = YES;
			};
			name = Release;
		};
		6C19F5C427921EFC00062083 /* Debug */ = {
			isa = XCBuildConfiguration;
			buildSettings = {
				ASSETCATALOG_COMPILER_APPICON_NAME = AppIcon;
				ASSETCATALOG_COMPILER_GLOBAL_ACCENT_COLOR_NAME = AccentColor;
				CODE_SIGN_STYLE = Automatic;
				DEVELOPMENT_TEAM = 2A23N78DMF;
				INFOPLIST_FILE = WordleWithFriends/Info.plist;
				LD_RUNPATH_SEARCH_PATHS = (
					"$(inherited)",
					"@executable_path/Frameworks",
				);
				PRODUCT_BUNDLE_IDENTIFIER = letsgooo.WordleWithFriends;
				PRODUCT_NAME = "$(TARGET_NAME)";
				SWIFT_VERSION = 5.0;
				TARGETED_DEVICE_FAMILY = "1,2";
			};
			name = Debug;
		};
		6C19F5C527921EFC00062083 /* Release */ = {
			isa = XCBuildConfiguration;
			buildSettings = {
				ASSETCATALOG_COMPILER_APPICON_NAME = AppIcon;
				ASSETCATALOG_COMPILER_GLOBAL_ACCENT_COLOR_NAME = AccentColor;
				CODE_SIGN_STYLE = Automatic;
				DEVELOPMENT_TEAM = 2A23N78DMF;
				INFOPLIST_FILE = WordleWithFriends/Info.plist;
				LD_RUNPATH_SEARCH_PATHS = (
					"$(inherited)",
					"@executable_path/Frameworks",
				);
				PRODUCT_BUNDLE_IDENTIFIER = letsgooo.WordleWithFriends;
				PRODUCT_NAME = "$(TARGET_NAME)";
				SWIFT_VERSION = 5.0;
				TARGETED_DEVICE_FAMILY = "1,2";
			};
			name = Release;
		};
		6C19F5C727921EFC00062083 /* Debug */ = {
			isa = XCBuildConfiguration;
			buildSettings = {
				ALWAYS_EMBED_SWIFT_STANDARD_LIBRARIES = YES;
				BUNDLE_LOADER = "$(TEST_HOST)";
				CLANG_ENABLE_MODULES = YES;
				CODE_SIGN_STYLE = Automatic;
				DEVELOPMENT_TEAM = 2A23N78DMF;
				INFOPLIST_FILE = WordleWithFriendsTests/Info.plist;
				IPHONEOS_DEPLOYMENT_TARGET = 14.2;
				LD_RUNPATH_SEARCH_PATHS = (
					"$(inherited)",
					"@executable_path/Frameworks",
					"@loader_path/Frameworks",
				);
				PRODUCT_BUNDLE_IDENTIFIER = letsgooo.WordleWithFriendsTests;
				PRODUCT_NAME = "$(TARGET_NAME)";
				SWIFT_OPTIMIZATION_LEVEL = "-Onone";
				SWIFT_VERSION = 5.0;
				TARGETED_DEVICE_FAMILY = "1,2";
				TEST_HOST = "$(BUILT_PRODUCTS_DIR)/WordleWithFriends.app/WordleWithFriends";
			};
			name = Debug;
		};
		6C19F5C827921EFC00062083 /* Release */ = {
			isa = XCBuildConfiguration;
			buildSettings = {
				ALWAYS_EMBED_SWIFT_STANDARD_LIBRARIES = YES;
				BUNDLE_LOADER = "$(TEST_HOST)";
				CLANG_ENABLE_MODULES = YES;
				CODE_SIGN_STYLE = Automatic;
				DEVELOPMENT_TEAM = 2A23N78DMF;
				INFOPLIST_FILE = WordleWithFriendsTests/Info.plist;
				IPHONEOS_DEPLOYMENT_TARGET = 14.2;
				LD_RUNPATH_SEARCH_PATHS = (
					"$(inherited)",
					"@executable_path/Frameworks",
					"@loader_path/Frameworks",
				);
				PRODUCT_BUNDLE_IDENTIFIER = letsgooo.WordleWithFriendsTests;
				PRODUCT_NAME = "$(TARGET_NAME)";
				SWIFT_VERSION = 5.0;
				TARGETED_DEVICE_FAMILY = "1,2";
				TEST_HOST = "$(BUILT_PRODUCTS_DIR)/WordleWithFriends.app/WordleWithFriends";
			};
			name = Release;
		};
		6C19F5CA27921EFC00062083 /* Debug */ = {
			isa = XCBuildConfiguration;
			buildSettings = {
				ALWAYS_EMBED_SWIFT_STANDARD_LIBRARIES = YES;
				CODE_SIGN_STYLE = Automatic;
				DEVELOPMENT_TEAM = 2A23N78DMF;
				INFOPLIST_FILE = WordleWithFriendsUITests/Info.plist;
				LD_RUNPATH_SEARCH_PATHS = (
					"$(inherited)",
					"@executable_path/Frameworks",
					"@loader_path/Frameworks",
				);
				PRODUCT_BUNDLE_IDENTIFIER = letsgooo.WordleWithFriendsUITests;
				PRODUCT_NAME = "$(TARGET_NAME)";
				SWIFT_VERSION = 5.0;
				TARGETED_DEVICE_FAMILY = "1,2";
				TEST_TARGET_NAME = WordleWithFriends;
			};
			name = Debug;
		};
		6C19F5CB27921EFC00062083 /* Release */ = {
			isa = XCBuildConfiguration;
			buildSettings = {
				ALWAYS_EMBED_SWIFT_STANDARD_LIBRARIES = YES;
				CODE_SIGN_STYLE = Automatic;
				DEVELOPMENT_TEAM = 2A23N78DMF;
				INFOPLIST_FILE = WordleWithFriendsUITests/Info.plist;
				LD_RUNPATH_SEARCH_PATHS = (
					"$(inherited)",
					"@executable_path/Frameworks",
					"@loader_path/Frameworks",
				);
				PRODUCT_BUNDLE_IDENTIFIER = letsgooo.WordleWithFriendsUITests;
				PRODUCT_NAME = "$(TARGET_NAME)";
				SWIFT_VERSION = 5.0;
				TARGETED_DEVICE_FAMILY = "1,2";
				TEST_TARGET_NAME = WordleWithFriends;
			};
			name = Release;
		};
/* End XCBuildConfiguration section */

/* Begin XCConfigurationList section */
		6C19F59427921EFA00062083 /* Build configuration list for PBXProject "WordleWithFriends" */ = {
			isa = XCConfigurationList;
			buildConfigurations = (
				6C19F5C127921EFC00062083 /* Debug */,
				6C19F5C227921EFC00062083 /* Release */,
			);
			defaultConfigurationIsVisible = 0;
			defaultConfigurationName = Release;
		};
		6C19F5C327921EFC00062083 /* Build configuration list for PBXNativeTarget "WordleWithFriends" */ = {
			isa = XCConfigurationList;
			buildConfigurations = (
				6C19F5C427921EFC00062083 /* Debug */,
				6C19F5C527921EFC00062083 /* Release */,
			);
			defaultConfigurationIsVisible = 0;
			defaultConfigurationName = Release;
		};
		6C19F5C627921EFC00062083 /* Build configuration list for PBXNativeTarget "WordleWithFriendsTests" */ = {
			isa = XCConfigurationList;
			buildConfigurations = (
				6C19F5C727921EFC00062083 /* Debug */,
				6C19F5C827921EFC00062083 /* Release */,
			);
			defaultConfigurationIsVisible = 0;
			defaultConfigurationName = Release;
		};
		6C19F5C927921EFC00062083 /* Build configuration list for PBXNativeTarget "WordleWithFriendsUITests" */ = {
			isa = XCConfigurationList;
			buildConfigurations = (
				6C19F5CA27921EFC00062083 /* Debug */,
				6C19F5CB27921EFC00062083 /* Release */,
			);
			defaultConfigurationIsVisible = 0;
			defaultConfigurationName = Release;
		};
/* End XCConfigurationList section */
	};
	rootObject = 6C19F59127921EFA00062083 /* Project object */;
}
